// !$*UTF8*$!
{
	archiveVersion = 1;
	classes = {
	};
	objectVersion = 46;
	objects = {

/* Begin PBXBuildFile section */
		F87547821EB27789005CC422 /* AppDelegate.swift in Sources */ = {isa = PBXBuildFile; fileRef = F87547811EB27789005CC422 /* AppDelegate.swift */; };
		F87547841EB27789005CC422 /* ViewController.swift in Sources */ = {isa = PBXBuildFile; fileRef = F87547831EB27789005CC422 /* ViewController.swift */; };
		F87547871EB27789005CC422 /* Main.storyboard in Resources */ = {isa = PBXBuildFile; fileRef = F87547851EB27789005CC422 /* Main.storyboard */; };
		F875478A1EB27789005CC422 /* synthGiro.xcdatamodeld in Sources */ = {isa = PBXBuildFile; fileRef = F87547881EB27789005CC422 /* synthGiro.xcdatamodeld */; };
		F875478C1EB27789005CC422 /* Assets.xcassets in Resources */ = {isa = PBXBuildFile; fileRef = F875478B1EB27789005CC422 /* Assets.xcassets */; };
		F875478F1EB27789005CC422 /* LaunchScreen.storyboard in Resources */ = {isa = PBXBuildFile; fileRef = F875478D1EB27789005CC422 /* LaunchScreen.storyboard */; };
/* End PBXBuildFile section */

/* Begin PBXFileReference section */
		F875477E1EB27789005CC422 /* synthGiro.app */ = {isa = PBXFileReference; explicitFileType = wrapper.application; includeInIndex = 0; path = synthGiro.app; sourceTree = BUILT_PRODUCTS_DIR; };
		F87547811EB27789005CC422 /* AppDelegate.swift */ = {isa = PBXFileReference; lastKnownFileType = sourcecode.swift; path = AppDelegate.swift; sourceTree = "<group>"; };
		F87547831EB27789005CC422 /* ViewController.swift */ = {isa = PBXFileReference; lastKnownFileType = sourcecode.swift; path = ViewController.swift; sourceTree = "<group>"; };
		F87547861EB27789005CC422 /* Base */ = {isa = PBXFileReference; lastKnownFileType = file.storyboard; name = Base; path = Base.lproj/Main.storyboard; sourceTree = "<group>"; };
		F87547891EB27789005CC422 /* synthGiro.xcdatamodel */ = {isa = PBXFileReference; lastKnownFileType = wrapper.xcdatamodel; path = synthGiro.xcdatamodel; sourceTree = "<group>"; };
		F875478B1EB27789005CC422 /* Assets.xcassets */ = {isa = PBXFileReference; lastKnownFileType = folder.assetcatalog; path = Assets.xcassets; sourceTree = "<group>"; };
		F875478E1EB27789005CC422 /* Base */ = {isa = PBXFileReference; lastKnownFileType = file.storyboard; name = Base; path = Base.lproj/LaunchScreen.storyboard; sourceTree = "<group>"; };
		F87547901EB27789005CC422 /* Info.plist */ = {isa = PBXFileReference; lastKnownFileType = text.plist.xml; path = Info.plist; sourceTree = "<group>"; };
/* End PBXFileReference section */

/* Begin PBXFrameworksBuildPhase section */
		F875477B1EB27789005CC422 /* Frameworks */ = {
			isa = PBXFrameworksBuildPhase;
			buildActionMask = 2147483647;
			files = (
			);
			runOnlyForDeploymentPostprocessing = 0;
		};
/* End PBXFrameworksBuildPhase section */

/* Begin PBXGroup section */
		F87547751EB27789005CC422 = {
			isa = PBXGroup;
			children = (
				F87547801EB27789005CC422 /* synthGiro */,
				F875477F1EB27789005CC422 /* Products */,
			);
			sourceTree = "<group>";
		};
		F875477F1EB27789005CC422 /* Products */ = {
			isa = PBXGroup;
			children = (
				F875477E1EB27789005CC422 /* synthGiro.app */,
			);
			name = Products;
			sourceTree = "<group>";
		};
		F87547801EB27789005CC422 /* synthGiro */ = {
			isa = PBXGroup;
			children = (
				F87547811EB27789005CC422 /* AppDelegate.swift */,
				F87547831EB27789005CC422 /* ViewController.swift */,
				F87547851EB27789005CC422 /* Main.storyboard */,
				F875478B1EB27789005CC422 /* Assets.xcassets */,
				F875478D1EB27789005CC422 /* LaunchScreen.storyboard */,
				F87547901EB27789005CC422 /* Info.plist */,
				F87547881EB27789005CC422 /* synthGiro.xcdatamodeld */,
			);
			path = synthGiro;
			sourceTree = "<group>";
		};
/* End PBXGroup section */

/* Begin PBXNativeTarget section */
		F875477D1EB27789005CC422 /* synthGiro */ = {
			isa = PBXNativeTarget;
			buildConfigurationList = F87547931EB27789005CC422 /* Build configuration list for PBXNativeTarget "synthGiro" */;
			buildPhases = (
				F875477A1EB27789005CC422 /* Sources */,
				F875477B1EB27789005CC422 /* Frameworks */,
				F875477C1EB27789005CC422 /* Resources */,
			);
			buildRules = (
			);
			dependencies = (
			);
			name = synthGiro;
			productName = synthGiro;
			productReference = F875477E1EB27789005CC422 /* synthGiro.app */;
			productType = "com.apple.product-type.application";
		};
/* End PBXNativeTarget section */

/* Begin PBXProject section */
		F87547761EB27789005CC422 /* Project object */ = {
			isa = PBXProject;
			attributes = {
				LastSwiftUpdateCheck = 0830;
				LastUpgradeCheck = 0830;
				ORGANIZATIONNAME = "Noah Neumark";
				TargetAttributes = {
					F875477D1EB27789005CC422 = {
						CreatedOnToolsVersion = 8.3.2;
						ProvisioningStyle = Automatic;
					};
				};
			};
			buildConfigurationList = F87547791EB27789005CC422 /* Build configuration list for PBXProject "synthGiro" */;
			compatibilityVersion = "Xcode 3.2";
			developmentRegion = English;
			hasScannedForEncodings = 0;
			knownRegions = (
				en,
				Base,
			);
			mainGroup = F87547751EB27789005CC422;
			productRefGroup = F875477F1EB27789005CC422 /* Products */;
			projectDirPath = "";
			projectRoot = "";
			targets = (
				F875477D1EB27789005CC422 /* synthGiro */,
			);
		};
/* End PBXProject section */

/* Begin PBXResourcesBuildPhase section */
		F875477C1EB27789005CC422 /* Resources */ = {
			isa = PBXResourcesBuildPhase;
			buildActionMask = 2147483647;
			files = (
				F875478F1EB27789005CC422 /* LaunchScreen.storyboard in Resources */,
				F875478C1EB27789005CC422 /* Assets.xcassets in Resources */,
				F87547871EB27789005CC422 /* Main.storyboard in Resources */,
			);
			runOnlyForDeploymentPostprocessing = 0;
		};
/* End PBXResourcesBuildPhase section */

/* Begin PBXSourcesBuildPhase section */
		F875477A1EB27789005CC422 /* Sources */ = {
			isa = PBXSourcesBuildPhase;
			buildActionMask = 2147483647;
			files = (
				F87547841EB27789005CC422 /* ViewController.swift in Sources */,
				F87547821EB27789005CC422 /* AppDelegate.swift in Sources */,
				F875478A1EB27789005CC422 /* synthGiro.xcdatamodeld in Sources */,
			);
			runOnlyForDeploymentPostprocessing = 0;
		};
/* End PBXSourcesBuildPhase section */

/* Begin PBXVariantGroup section */
		F87547851EB27789005CC422 /* Main.storyboard */ = {
			isa = PBXVariantGroup;
			children = (
				F87547861EB27789005CC422 /* Base */,
			);
			name = Main.storyboard;
			sourceTree = "<group>";
		};
		F875478D1EB27789005CC422 /* LaunchScreen.storyboard */ = {
			isa = PBXVariantGroup;
			children = (
				F875478E1EB27789005CC422 /* Base */,
			);
			name = LaunchScreen.storyboard;
			sourceTree = "<group>";
		};
/* End PBXVariantGroup section */

/* Begin XCBuildConfiguration section */
		F87547911EB27789005CC422 /* Debug */ = {
			isa = XCBuildConfiguration;
			buildSettings = {
				ALWAYS_SEARCH_USER_PATHS = NO;
				CLANG_ANALYZER_NONNULL = YES;
				CLANG_ANALYZER_NUMBER_OBJECT_CONVERSION = YES_AGGRESSIVE;
				CLANG_CXX_LANGUAGE_STANDARD = "gnu++0x";
				CLANG_CXX_LIBRARY = "libc++";
				CLANG_ENABLE_MODULES = YES;
				CLANG_ENABLE_OBJC_ARC = YES;
				CLANG_WARN_BOOL_CONVERSION = YES;
				CLANG_WARN_CONSTANT_CONVERSION = YES;
				CLANG_WARN_DIRECT_OBJC_ISA_USAGE = YES_ERROR;
				CLANG_WARN_DOCUMENTATION_COMMENTS = YES;
				CLANG_WARN_EMPTY_BODY = YES;
				CLANG_WARN_ENUM_CONVERSION = YES;
				CLANG_WARN_INFINITE_RECURSION = YES;
				CLANG_WARN_INT_CONVERSION = YES;
				CLANG_WARN_OBJC_ROOT_CLASS = YES_ERROR;
				CLANG_WARN_SUSPICIOUS_MOVE = YES;
				CLANG_WARN_UNREACHABLE_CODE = YES;
				CLANG_WARN__DUPLICATE_METHOD_MATCH = YES;
				"CODE_SIGN_IDENTITY[sdk=iphoneos*]" = "iPhone Developer";
				COPY_PHASE_STRIP = NO;
				DEBUG_INFORMATION_FORMAT = dwarf;
				ENABLE_STRICT_OBJC_MSGSEND = YES;
				ENABLE_TESTABILITY = YES;
				GCC_C_LANGUAGE_STANDARD = gnu99;
				GCC_DYNAMIC_NO_PIC = NO;
				GCC_NO_COMMON_BLOCKS = YES;
				GCC_OPTIMIZATION_LEVEL = 0;
				GCC_PREPROCESSOR_DEFINITIONS = (
					"DEBUG=1",
					"$(inherited)",
				);
				GCC_WARN_64_TO_32_BIT_CONVERSION = YES;
				GCC_WARN_ABOUT_RETURN_TYPE = YES_ERROR;
				GCC_WARN_UNDECLARED_SELECTOR = YES;
				GCC_WARN_UNINITIALIZED_AUTOS = YES_AGGRESSIVE;
				GCC_WARN_UNUSED_FUNCTION = YES;
				GCC_WARN_UNUSED_VARIABLE = YES;
				IPHONEOS_DEPLOYMENT_TARGET = 10.3;
				MTL_ENABLE_DEBUG_INFO = YES;
				ONLY_ACTIVE_ARCH = YES;
				SDKROOT = iphoneos;
				SWIFT_ACTIVE_COMPILATION_CONDITIONS = DEBUG;
				SWIFT_OPTIMIZATION_LEVEL = "-Onone";
				TARGETED_DEVICE_FAMILY = "1,2";
			};
			name = Debug;
		};
		F87547921EB27789005CC422 /* Release */ = {
			isa = XCBuildConfiguration;
			buildSettings = {
				ALWAYS_SEARCH_USER_PATHS = NO;
				CLANG_ANALYZER_NONNULL = YES;
				CLANG_ANALYZER_NUMBER_OBJECT_CONVERSION = YES_AGGRESSIVE;
				CLANG_CXX_LANGUAGE_STANDARD = "gnu++0x";
				CLANG_CXX_LIBRARY = "libc++";
				CLANG_ENABLE_MODULES = YES;
				CLANG_ENABLE_OBJC_ARC = YES;
				CLANG_WARN_BOOL_CONVERSION = YES;
				CLANG_WARN_CONSTANT_CONVERSION = YES;
				CLANG_WARN_DIRECT_OBJC_ISA_USAGE = YES_ERROR;
				CLANG_WARN_DOCUMENTATION_COMMENTS = YES;
				CLANG_WARN_EMPTY_BODY = YES;
				CLANG_WARN_ENUM_CONVERSION = YES;
				CLANG_WARN_INFINITE_RECURSION = YES;
				CLANG_WARN_INT_CONVERSION = YES;
				CLANG_WARN_OBJC_ROOT_CLASS = YES_ERROR;
				CLANG_WARN_SUSPICIOUS_MOVE = YES;
				CLANG_WARN_UNREACHABLE_CODE = YES;
				CLANG_WARN__DUPLICATE_METHOD_MATCH = YES;
				"CODE_SIGN_IDENTITY[sdk=iphoneos*]" = "iPhone Developer";
				COPY_PHASE_STRIP = NO;
				DEBUG_INFORMATION_FORMAT = "dwarf-with-dsym";
				ENABLE_NS_ASSERTIONS = NO;
				ENABLE_STRICT_OBJC_MSGSEND = YES;
				GCC_C_LANGUAGE_STANDARD = gnu99;
				GCC_NO_COMMON_BLOCKS = YES;
				GCC_WARN_64_TO_32_BIT_CONVERSION = YES;
				GCC_WARN_ABOUT_RETURN_TYPE = YES_ERROR;
				GCC_WARN_UNDECLARED_SELECTOR = YES;
				GCC_WARN_UNINITIALIZED_AUTOS = YES_AGGRESSIVE;
				GCC_WARN_UNUSED_FUNCTION = YES;
				GCC_WARN_UNUSED_VARIABLE = YES;
				IPHONEOS_DEPLOYMENT_TARGET = 10.3;
				MTL_ENABLE_DEBUG_INFO = NO;
				SDKROOT = iphoneos;
				SWIFT_OPTIMIZATION_LEVEL = "-Owholemodule";
				TARGETED_DEVICE_FAMILY = "1,2";
				VALIDATE_PRODUCT = YES;
			};
			name = Release;
		};
		F87547941EB27789005CC422 /* Debug */ = {
			isa = XCBuildConfiguration;
			buildSettings = {
				ASSETCATALOG_COMPILER_APPICON_NAME = AppIcon;
				INFOPLIST_FILE = synthGiro/Info.plist;
				LD_RUNPATH_SEARCH_PATHS = "$(inherited) @executable_path/Frameworks";
				PRODUCT_BUNDLE_IDENTIFIER = dojo.synthGiro;
				PRODUCT_NAME = "$(TARGET_NAME)";
				SWIFT_VERSION = 3.0;
			};
			name = Debug;
		};
		F87547951EB27789005CC422 /* Release */ = {
			isa = XCBuildConfiguration;
			buildSettings = {
				ASSETCATALOG_COMPILER_APPICON_NAME = AppIcon;
				INFOPLIST_FILE = synthGiro/Info.plist;
				LD_RUNPATH_SEARCH_PATHS = "$(inherited) @executable_path/Frameworks";
				PRODUCT_BUNDLE_IDENTIFIER = dojo.synthGiro;
				PRODUCT_NAME = "$(TARGET_NAME)";
				SWIFT_VERSION = 3.0;
			};
			name = Release;
		};
/* End XCBuildConfiguration section */

/* Begin XCConfigurationList section */
		F87547791EB27789005CC422 /* Build configuration list for PBXProject "synthGiro" */ = {
			isa = XCConfigurationList;
			buildConfigurations = (
				F87547911EB27789005CC422 /* Debug */,
				F87547921EB27789005CC422 /* Release */,
			);
			defaultConfigurationIsVisible = 0;
			defaultConfigurationName = Release;
		};
		F87547931EB27789005CC422 /* Build configuration list for PBXNativeTarget "synthGiro" */ = {
			isa = XCConfigurationList;
			buildConfigurations = (
				F87547941EB27789005CC422 /* Debug */,
				F87547951EB27789005CC422 /* Release */,
			);
			defaultConfigurationIsVisible = 0;
		};
/* End XCConfigurationList section */

/* Begin XCVersionGroup section */
		F87547881EB27789005CC422 /* synthGiro.xcdatamodeld */ = {
			isa = XCVersionGroup;
			children = (
				F87547891EB27789005CC422 /* synthGiro.xcdatamodel */,
			);
			currentVersion = F87547891EB27789005CC422 /* synthGiro.xcdatamodel */;
			path = synthGiro.xcdatamodeld;
			sourceTree = "<group>";
			versionGroupType = wrapper.xcdatamodel;
		};
/* End XCVersionGroup section */
	};
	rootObject = F87547761EB27789005CC422 /* Project object */;
}
